<?xml version="1.0" encoding="utf-8"?>
<Project ToolsVersion="4.0" xmlns="http://schemas.microsoft.com/developer/msbuild/2003">
  <ItemGroup>
    <Filter Include="Source Files">
      <UniqueIdentifier>{4FC737F1-C7A5-4376-A066-2A32D752A2FF}</UniqueIdentifier>
      <Extensions>cpp;c;cc;cxx;def;odl;idl;hpj;bat;asm;asmx</Extensions>
    </Filter>
    <Filter Include="Header Files">
      <UniqueIdentifier>{93995380-89BD-4b04-88EB-625FBE52EBFB}</UniqueIdentifier>
      <Extensions>h;hh;hpp;hxx;hm;inl;inc;xsd</Extensions>
    </Filter>
    <Filter Include="Resource Files">
      <UniqueIdentifier>{D9D6E242-F8AF-46E4-B9FD-80ECBC20BA3E}</UniqueIdentifier>
      <Extensions>qrc;*</Extensions>
      <ParseFiles>false</ParseFiles>
    </Filter>
    <Filter Include="Form Files">
      <UniqueIdentifier>{99349809-55BA-4b9d-BF79-8FDBB0286EB3}</UniqueIdentifier>
      <Extensions>ui</Extensions>
    </Filter>
    <Filter Include="Resource Files">
      <UniqueIdentifier>{D9D6E242-F8AF-46E4-B9FD-80ECBC20BA3E}</UniqueIdentifier>
      <Extensions>qrc;*</Extensions>
      <ParseFiles>false</ParseFiles>
    </Filter>
    <Filter Include="Generated Files">
      <UniqueIdentifier>{71ED8ED8-ACB9-4CE9-BBE1-E00B30144E11}</UniqueIdentifier>
      <Extensions>moc;h;cpp</Extensions>
      <SourceControlFiles>False</SourceControlFiles>
    </Filter>
    <Filter Include="Source Files\Stones">
      <UniqueIdentifier>{b656b05a-7931-4a2a-8d54-9f2d71ac3d11}</UniqueIdentifier>
    </Filter>
    <Filter Include="Header Files\Stones">
      <UniqueIdentifier>{dd394cf2-76e1-4f96-a021-78916941f379}</UniqueIdentifier>
    </Filter>
    <Filter Include="Header Files\Animation">
      <UniqueIdentifier>{b7ae3923-5128-4f89-ab80-3c0043109198}</UniqueIdentifier>
    </Filter>
    <Filter Include="Source Files\Animation">
      <UniqueIdentifier>{28affe92-31ca-411e-854e-53a549bd76da}</UniqueIdentifier>
    </Filter>
    <Filter Include="Header Files\Base">
      <UniqueIdentifier>{14a17166-4d98-4e32-a404-88fdabdccdfe}</UniqueIdentifier>
    </Filter>
    <Filter Include="Source Files\Base">
      <UniqueIdentifier>{a8284c9f-1b0c-485c-a265-e1571aa78463}</UniqueIdentifier>
    </Filter>
    <Filter Include="Header Files\MainWindow">
      <UniqueIdentifier>{4715a878-35eb-4a8f-a891-126c97ca1729}</UniqueIdentifier>
    </Filter>
    <Filter Include="Source Files\MainWindow">
      <UniqueIdentifier>{9e3bad0b-f257-44dd-afc1-e0d3f3508d29}</UniqueIdentifier>
    </Filter>
    <Filter Include="Header Files\Core">
      <UniqueIdentifier>{a954ea4d-56e9-453e-a9d3-a977342d8121}</UniqueIdentifier>
    </Filter>
    <Filter Include="Source Files\Core">
      <UniqueIdentifier>{298c8a1b-ff96-4281-a87e-59950f6ea8d9}</UniqueIdentifier>
    </Filter>
    <Filter Include="Source Files\Shop">
      <UniqueIdentifier>{a60dec4f-0ff8-4d1a-a23a-4c16b00cf871}</UniqueIdentifier>
    </Filter>
    <Filter Include="Header Files\Shop">
      <UniqueIdentifier>{061282c2-9a2d-436f-968a-dce5a9849fb1}</UniqueIdentifier>
    </Filter>
    <Filter Include="Source Files\Sound">
      <UniqueIdentifier>{8da382da-24f6-4cd6-9663-9acee8f3cd14}</UniqueIdentifier>
    </Filter>
    <Filter Include="Header Files\Sound">
      <UniqueIdentifier>{216cef4e-7369-4170-b035-d6c386b88bac}</UniqueIdentifier>
    </Filter>
  </ItemGroup>
  <ItemGroup>
    <ClCompile Include="main.cpp">
      <Filter>Source Files</Filter>
    </ClCompile>
    <ClCompile Include="stdafx.cpp">
      <Filter>Source Files</Filter>
    </ClCompile>
    <ClCompile Include="testWidget.cpp">
      <Filter>Source Files</Filter>
    </ClCompile>
    <ClCompile Include="Stone.cpp">
      <Filter>Source Files\Stones</Filter>
    </ClCompile>
    <ClCompile Include="StoneDamage.cpp">
      <Filter>Source Files\Stones</Filter>
    </ClCompile>
    <ClCompile Include="StoneDM.cpp">
      <Filter>Source Files\Stones</Filter>
    </ClCompile>
    <ClCompile Include="StoneHD.cpp">
      <Filter>Source Files\Stones</Filter>
    </ClCompile>
    <ClCompile Include="StoneHM.cpp">
      <Filter>Source Files\Stones</Filter>
    </ClCompile>
    <ClCompile Include="StoneHP.cpp">
      <Filter>Source Files\Stones</Filter>
    </ClCompile>
    <ClCompile Include="StoneMP.cpp">
      <Filter>Source Files\Stones</Filter>
    </ClCompile>
    <ClCompile Include="CrushAnimation.cpp">
      <Filter>Source Files\Animation</Filter>
    </ClCompile>
    <ClCompile Include="ExchangeAnimation.cpp">
      <Filter>Source Files\Animation</Filter>
    </ClCompile>
    <ClCompile Include="GravityAnimation.cpp">
      <Filter>Source Files\Animation</Filter>
    </ClCompile>
    <ClCompile Include="Account.cpp">
      <Filter>Source Files\Base</Filter>
    </ClCompile>
    <ClCompile Include="AccountManager.cpp">
      <Filter>Source Files\Base</Filter>
    </ClCompile>
    <ClCompile Include="Character.cpp">
      <Filter>Source Files\Base</Filter>
    </ClCompile>
    <ClCompile Include="CharacterManager.cpp">
      <Filter>Source Files\Base</Filter>
    </ClCompile>
    <ClCompile Include="SkillManager.cpp">
      <Filter>Source Files\Base</Filter>
    </ClCompile>
    <ClCompile Include="Skill.cpp">
      <Filter>Source Files\Base</Filter>
    </ClCompile>
    <ClCompile Include="StoneManager.cpp">
      <Filter>Source Files\Stones</Filter>
    </ClCompile>
    <ClCompile Include="ReturnButton.cpp">
      <Filter>Source Files\Shop</Filter>
    </ClCompile>
    <ClCompile Include="MessageWidget.cpp">
      <Filter>Source Files\Shop</Filter>
    </ClCompile>
    <ClCompile Include="Login.cpp">
      <Filter>Source Files\MainWindow</Filter>
    </ClCompile>
    <ClCompile Include="MainScene.cpp">
      <Filter>Source Files\MainWindow</Filter>
    </ClCompile>
    <ClCompile Include="MainSceneButton.cpp">
      <Filter>Source Files\MainWindow</Filter>
    </ClCompile>
    <ClCompile Include="ShopBoard.cpp">
      <Filter>Source Files\Shop</Filter>
    </ClCompile>
    <ClCompile Include="Client.cpp">
      <Filter>Source Files\Core</Filter>
    </ClCompile>
    <ClCompile Include="Player.cpp">
      <Filter>Source Files\Core</Filter>
    </ClCompile>
    <ClCompile Include="GameBoard.cpp">
      <Filter>Source Files\Core</Filter>
    </ClCompile>
    <ClCompile Include="GameLogic.cpp">
      <Filter>Source Files\Core</Filter>
    </ClCompile>
    <ClCompile Include="GameServer.cpp">
      <Filter>Source Files\Core</Filter>
    </ClCompile>
    <ClCompile Include="PVP.cpp">
      <Filter>Source Files\MainWindow</Filter>
    </ClCompile>
    <ClCompile Include="PVE.cpp">
      <Filter>Source Files\MainWindow</Filter>
    </ClCompile>
    <ClCompile Include="Setting.cpp">
      <Filter>Source Files\MainWindow</Filter>
    </ClCompile>
    <ClCompile Include="CharacterWidget.cpp">
      <Filter>Source Files\Shop</Filter>
    </ClCompile>
    <ClCompile Include="CommodityWidget.cpp">
      <Filter>Source Files\Shop</Filter>
    </ClCompile>
    <ClCompile Include="ConfirmBox.cpp">
      <Filter>Source Files\MainWindow</Filter>
    </ClCompile>
    <ClCompile Include="Sound.cpp">
      <Filter>Source Files\Sound</Filter>
    </ClCompile>
  </ItemGroup>
  <ItemGroup>
    <ClInclude Include="stdafx.h">
      <Filter>Header Files</Filter>
    </ClInclude>
    <ClInclude Include="GeneratedFiles\ui_testWidget.h">
      <Filter>Generated Files</Filter>
    </ClInclude>
    <ClInclude Include="const.h">
      <Filter>Header Files</Filter>
    </ClInclude>
    <ClInclude Include="GeneratedFiles\ui_player.h">
      <Filter>Generated Files</Filter>
    </ClInclude>
    <ClInclude Include="GeneratedFiles\ui_GameBoard.h">
      <Filter>Generated Files</Filter>
    </ClInclude>
    <ClInclude Include="GeneratedFiles\ui_PVE.h">
      <Filter>Generated Files</Filter>
    </ClInclude>
    <ClInclude Include="GeneratedFiles\ui_PVP.h">
      <Filter>Generated Files</Filter>
    </ClInclude>
    <ClInclude Include="GeneratedFiles\ui_Login.h">
      <Filter>Generated Files</Filter>
    </ClInclude>
    <ClInclude Include="GeneratedFiles\ui_MainScene.h">
      <Filter>Generated Files</Filter>
    </ClInclude>
    <ClInclude Include="GeneratedFiles\ui_ShopBoard.h">
      <Filter>Generated Files</Filter>
    </ClInclude>
    <ClInclude Include="GeneratedFiles\ui_Setting.h">
      <Filter>Generated Files</Filter>
    </ClInclude>
    <ClInclude Include="GeneratedFiles\ui_CharacterWidget.h">
      <Filter>Generated Files</Filter>
    </ClInclude>
    <ClInclude Include="GeneratedFiles\ui_CommodityWidget.h">
      <Filter>Generated Files</Filter>
    </ClInclude>
    <ClInclude Include="GeneratedFiles\ui_ConfirmBox.h">
      <Filter>Generated Files</Filter>
    </ClInclude>
    <ClInclude Include="GeneratedFiles\ui_MessageWidget.h">
      <Filter>Generated Files</Filter>
    </ClInclude>
  </ItemGroup>
  <ItemGroup>
    <QtMoc Include="testWidget.h">
      <Filter>Header Files</Filter>
    </QtMoc>
    <QtMoc Include="Stone.h">
      <Filter>Header Files\Stones</Filter>
    </QtMoc>
    <QtMoc Include="StoneDamage.h">
      <Filter>Header Files\Stones</Filter>
    </QtMoc>
    <QtMoc Include="StoneDM.h">
      <Filter>Header Files\Stones</Filter>
    </QtMoc>
    <QtMoc Include="StoneHD.h">
      <Filter>Header Files\Stones</Filter>
    </QtMoc>
    <QtMoc Include="StoneHM.h">
      <Filter>Header Files\Stones</Filter>
    </QtMoc>
    <QtMoc Include="StoneHP.h">
      <Filter>Header Files\Stones</Filter>
    </QtMoc>
    <QtMoc Include="StoneMP.h">
      <Filter>Header Files\Stones</Filter>
    </QtMoc>
    <QtMoc Include="CrushAnimation.h">
      <Filter>Header Files\Animation</Filter>
    </QtMoc>
    <QtMoc Include="ExchangeAnimation.h">
      <Filter>Header Files\Animation</Filter>
    </QtMoc>
    <QtMoc Include="GravityAnimation.h">
      <Filter>Header Files\Animation</Filter>
    </QtMoc>
    <QtMoc Include="Skill.h">
      <Filter>Header Files\Base</Filter>
    </QtMoc>
    <QtMoc Include="SkillManager.h">
      <Filter>Header Files\Base</Filter>
    </QtMoc>
    <QtMoc Include="Character.h">
      <Filter>Header Files\Base</Filter>
    </QtMoc>
    <QtMoc Include="CharacterManager.h">
      <Filter>Header Files\Base</Filter>
    </QtMoc>
    <QtMoc Include="Account.h">
      <Filter>Header Files\Base</Filter>
    </QtMoc>
    <QtMoc Include="AccountManager.h">
      <Filter>Header Files\Base</Filter>
    </QtMoc>
    <QtMoc Include="StoneManager.h">
      <Filter>Header Files\Stones</Filter>
    </QtMoc>
    <QtMoc Include="MessageWidget.h">
      <Filter>Header Files\Shop</Filter>
    </QtMoc>
    <QtMoc Include="ReturnButton.h">
      <Filter>Header Files\Shop</Filter>
    </QtMoc>
    <QtMoc Include="Login.h">
      <Filter>Header Files\MainWindow</Filter>
    </QtMoc>
    <QtMoc Include="MainScene.h">
      <Filter>Header Files\MainWindow</Filter>
    </QtMoc>
    <QtMoc Include="MainSceneButton.h">
      <Filter>Header Files\MainWindow</Filter>
    </QtMoc>
    <QtMoc Include="ShopBoard.h">
      <Filter>Header Files\Shop</Filter>
    </QtMoc>
    <QtMoc Include="GameLogic.h">
      <Filter>Header Files\Core</Filter>
    </QtMoc>
    <QtMoc Include="Client.h">
      <Filter>Header Files\Core</Filter>
    </QtMoc>
    <QtMoc Include="GameBoard.h">
      <Filter>Header Files\Core</Filter>
    </QtMoc>
    <QtMoc Include="Player.h">
      <Filter>Header Files\Core</Filter>
    </QtMoc>
    <QtMoc Include="Setting.h">
      <Filter>Header Files\MainWindow</Filter>
    </QtMoc>
    <QtMoc Include="PVP.h">
      <Filter>Header Files\MainWindow</Filter>
    </QtMoc>
    <QtMoc Include="PVE.h">
      <Filter>Header Files\MainWindow</Filter>
    </QtMoc>
    <QtMoc Include="GameServer.h">
      <Filter>Header Files\Core</Filter>
    </QtMoc>
    <QtMoc Include="CharacterWidget.h">
      <Filter>Header Files\Shop</Filter>
    </QtMoc>
    <QtMoc Include="CommodityWidget.h">
      <Filter>Header Files\Shop</Filter>
    </QtMoc>
    <QtMoc Include="ConfirmBox.h">
      <Filter>Header Files\MainWindow</Filter>
    </QtMoc>
    <QtMoc Include="Sound.h">
      <Filter>Header Files\Sound</Filter>
    </QtMoc>
  </ItemGroup>
  <ItemGroup>
    <QtUic Include="testWidget.ui">
      <Filter>Form Files</Filter>
    </QtUic>
    <QtUic Include="player.ui">
      <Filter>Form Files</Filter>
    </QtUic>
    <QtUic Include="GameBoard.ui">
      <Filter>Form Files</Filter>
    </QtUic>
    <QtUic Include="PVE.ui">
      <Filter>Form Files</Filter>
    </QtUic>
    <QtUic Include="PVP.ui">
      <Filter>Form Files</Filter>
    </QtUic>
    <QtUic Include="Login.ui">
      <Filter>Form Files</Filter>
    </QtUic>
    <QtUic Include="MainScene.ui">
      <Filter>Form Files</Filter>
    </QtUic>
    <QtUic Include="ShopBoard.ui">
      <Filter>Form Files</Filter>
    </QtUic>
    <QtUic Include="Setting.ui">
      <Filter>Form Files</Filter>
    </QtUic>
    <QtUic Include="CharacterWidget.ui">
      <Filter>Form Files</Filter>
    </QtUic>
    <QtUic Include="CommodityWidget.ui">
      <Filter>Form Files</Filter>
    </QtUic>
    <QtUic Include="ConfirmBox.ui">
      <Filter>Form Files</Filter>
    </QtUic>
    <QtUic Include="MessageWidget.ui">
      <Filter>Form Files</Filter>
    </QtUic>
  </ItemGroup>
  <ItemGroup>
    <QtRcc Include="testWidget.qrc">
      <Filter>Resource Files</Filter>
    </QtRcc>
  </ItemGroup>
</Project>